{
  "name": "thai-adblock-list",
  "version": "1.3.0",
  "lockfileVersion": 3,
  "requires": true,
  "packages": {
    "": {
      "name": "thai-adblock-list",
      "version": "1.3.0",
      "license": "MIT",
      "dependencies": {
        "date-and-time": "^3.5.0"
      }
    },
    "node_modules/date-and-time": {
      "version": "3.5.0",
      "resolved": "https://registry.npmjs.org/date-and-time/-/date-and-time-3.5.0.tgz",
      "integrity": "sha512-JU4y0CIzAU+Cy2GOToby243B54elP8JdPidj4xHJPO4rlResPXKujRJp/MJzFeMWIdTbQ/A0xgd6guipi1mYIw=="
    }
  }
}
