{
  "name": "thai-adblock-list",
  "version": "1.3.0",
  "lockfileVersion": 3,
  "requires": true,
  "packages": {
    "": {
      "name": "thai-adblock-list",
      "version": "1.3.0",
      "license": "MIT",
      "dependencies": {
        "date-and-time": "^3.0.2"
      }
    },
    "node_modules/date-and-time": {
      "version": "3.0.2",
      "resolved": "https://registry.npmjs.org/date-and-time/-/date-and-time-3.0.2.tgz",
      "integrity": "sha512-MOqlRertOQmQI7ySbz6dKLM7Rxm9dgcPuBI9IL7NVe0UGqHPK+6hWSKVhLrVHxlSgQQtocE2R7+HFOf5aMz8vw=="
    }
  }
}
