{
  "name": "thai-adblock-list",
  "version": "1.3.0",
  "lockfileVersion": 3,
  "requires": true,
  "packages": {
    "": {
      "name": "thai-adblock-list",
      "version": "1.3.0",
      "license": "MIT",
      "dependencies": {
        "date-and-time": "^3.0.3"
      }
    },
    "node_modules/date-and-time": {
      "version": "3.0.3",
      "resolved": "https://registry.npmjs.org/date-and-time/-/date-and-time-3.0.3.tgz",
      "integrity": "sha512-CmHCeTixc3KA5pcLTVs9JCFhmJMFTBsmSsgHnNed4YDNw9yUOrjjRn3zALy8eMgqmTO+4U8k5jl1peC7IoezfA=="
    }
  }
}
